<?xml version="1.0" encoding="utf-8"?>
<Project ToolsVersion="4.0" xmlns="http://schemas.microsoft.com/developer/msbuild/2003">
  <ItemGroup>
    <Filter Include="Error">
      <UniqueIdentifier>{4df9b1b4-7270-41cc-ace8-aa636e03d473}</UniqueIdentifier>
    </Filter>
    <Filter Include="Tools">
      <UniqueIdentifier>{8353609c-c0dc-4c05-8c53-05daa5820a64}</UniqueIdentifier>
    </Filter>
    <Filter Include="Pool">
      <UniqueIdentifier>{55662d09-8b2f-485e-a408-678f76057e31}</UniqueIdentifier>
    </Filter>
    <Filter Include="MonsterManager">
      <UniqueIdentifier>{3bd861db-fe74-45a8-8454-a46059108497}</UniqueIdentifier>
    </Filter>
    <Filter Include="MonsterManager\Arena">
      <UniqueIdentifier>{f8d3c969-ad0f-41de-b5f4-c4dc106e5e40}</UniqueIdentifier>
    </Filter>
    <Filter Include="MonsterManager\Monster">
      <UniqueIdentifier>{a7eae752-673c-456a-8f9f-ea849b7deeb1}</UniqueIdentifier>
    </Filter>
    <Filter Include="MonsterManager\Pool">
      <UniqueIdentifier>{7b0cfdb4-5adf-4e4d-9767-9715bdb39380}</UniqueIdentifier>
    </Filter>
    <Filter Include="MonsterManager\Pool\Monster">
      <UniqueIdentifier>{e6c1e2bf-2ff8-4bcc-9ddc-1c29866b2a6d}</UniqueIdentifier>
    </Filter>
    <Filter Include="MonsterManager\Pool\Arena">
      <UniqueIdentifier>{eadf1a8f-4a33-482b-a503-2c999ccdd380}</UniqueIdentifier>
    </Filter>
    <Filter Include="GameData">
      <UniqueIdentifier>{6c05ed6f-82bc-4acf-805f-4948c7bab931}</UniqueIdentifier>
    </Filter>
    <Filter Include="TaskManager">
      <UniqueIdentifier>{ae712251-02b7-45d9-bc49-ace50e18baef}</UniqueIdentifier>
    </Filter>
    <Filter Include="TaskManager\PlayerHit">
      <UniqueIdentifier>{7ac5c6bf-7d81-41f9-bbde-92c5d1eabc1f}</UniqueIdentifier>
    </Filter>
    <Filter Include="Tools\Random">
      <UniqueIdentifier>{3d15c1f8-0cc7-42c3-86ea-673168afff25}</UniqueIdentifier>
    </Filter>
    <Filter Include="Protocal">
      <UniqueIdentifier>{fdc47a05-598c-464a-980c-b8365f44c204}</UniqueIdentifier>
    </Filter>
    <Filter Include="TaskManager\PlayerHit\NormalHit">
      <UniqueIdentifier>{cbdef1b3-a1ee-45ae-9994-f5559457da66}</UniqueIdentifier>
    </Filter>
    <Filter Include="TaskManager\PlayerHit\SkillHit">
      <UniqueIdentifier>{3588ccb9-fc0a-4004-a848-c5be4acb95e6}</UniqueIdentifier>
    </Filter>
    <Filter Include="TaskManager\PlayerHit\KingHit">
      <UniqueIdentifier>{583120b5-a447-4282-92ba-ca8f8ed59c11}</UniqueIdentifier>
    </Filter>
  </ItemGroup>
  <ItemGroup>
    <ClInclude Include="Error\MoleError.h">
      <Filter>Error</Filter>
    </ClInclude>
    <ClInclude Include="Pool\Pool.h">
      <Filter>Pool</Filter>
    </ClInclude>
    <ClInclude Include="MonsterManager\Arena\Arena.h">
      <Filter>MonsterManager\Arena</Filter>
    </ClInclude>
    <ClInclude Include="MonsterManager\Arena\ArenaConfig.h">
      <Filter>MonsterManager\Arena</Filter>
    </ClInclude>
    <ClInclude Include="MonsterManager\Arena\Hole.h">
      <Filter>MonsterManager\Arena</Filter>
    </ClInclude>
    <ClInclude Include="MonsterManager\Arena\TFlying.h">
      <Filter>MonsterManager\Arena</Filter>
    </ClInclude>
    <ClInclude Include="MonsterManager\Arena\Trace.h">
      <Filter>MonsterManager\Arena</Filter>
    </ClInclude>
    <ClInclude Include="MonsterManager\Arena\TSpider.h">
      <Filter>MonsterManager\Arena</Filter>
    </ClInclude>
    <ClInclude Include="MonsterManager\Monster\Mole.h">
      <Filter>MonsterManager\Monster</Filter>
    </ClInclude>
    <ClInclude Include="MonsterManager\Monster\Monster.h">
      <Filter>MonsterManager\Monster</Filter>
    </ClInclude>
    <ClInclude Include="MonsterManager\Monster\MTracer.h">
      <Filter>MonsterManager\Monster</Filter>
    </ClInclude>
    <ClInclude Include="MonsterManager\Pool\Arena\ArenaPool.h">
      <Filter>MonsterManager\Pool\Arena</Filter>
    </ClInclude>
    <ClInclude Include="MonsterManager\Pool\Arena\HolePool.h">
      <Filter>MonsterManager\Pool\Arena</Filter>
    </ClInclude>
    <ClInclude Include="MonsterManager\Pool\Arena\TFlyingPool.h">
      <Filter>MonsterManager\Pool\Arena</Filter>
    </ClInclude>
    <ClInclude Include="MonsterManager\Pool\Arena\TSpiderPool.h">
      <Filter>MonsterManager\Pool\Arena</Filter>
    </ClInclude>
    <ClInclude Include="MonsterManager\Pool\Monster\MolePool.h">
      <Filter>MonsterManager\Pool\Monster</Filter>
    </ClInclude>
    <ClInclude Include="MonsterManager\Pool\Monster\MonsterPool.h">
      <Filter>MonsterManager\Pool\Monster</Filter>
    </ClInclude>
    <ClInclude Include="MonsterManager\Pool\Monster\MTracerPool.h">
      <Filter>MonsterManager\Pool\Monster</Filter>
    </ClInclude>
    <ClInclude Include="MonsterManager\Pool\HeadPool.h">
      <Filter>MonsterManager\Pool</Filter>
    </ClInclude>
    <ClInclude Include="MonsterManager\CreateInfo.h">
      <Filter>MonsterManager</Filter>
    </ClInclude>
    <ClInclude Include="MonsterManager\MonsterManager.h">
      <Filter>MonsterManager</Filter>
    </ClInclude>
    <ClInclude Include="GameData\GameConfig.h">
      <Filter>GameData</Filter>
    </ClInclude>
    <ClInclude Include="GameData\MonsterData.h">
      <Filter>GameData</Filter>
    </ClInclude>
    <ClInclude Include="GameData\DataManager.h">
      <Filter>GameData</Filter>
    </ClInclude>
    <ClInclude Include="Tools\Random\MT19937.h">
      <Filter>Tools\Random</Filter>
    </ClInclude>
    <ClInclude Include="Tools\Random\Random.h">
      <Filter>Tools\Random</Filter>
    </ClInclude>
    <ClInclude Include="TaskManager\PlayerHit\TaskPlayerHit.h">
      <Filter>TaskManager\PlayerHit</Filter>
    </ClInclude>
    <ClInclude Include="Protocal\GameMessage.pb.h">
      <Filter>Protocal</Filter>
    </ClInclude>
    <ClInclude Include="TaskManager\PlayerHit\ITaskInterface.h">
      <Filter>TaskManager\PlayerHit</Filter>
    </ClInclude>
  </ItemGroup>
  <ItemGroup>
    <ClCompile Include="main.cpp" />
    <ClCompile Include="MonsterManager\Arena\Arena.cpp">
      <Filter>MonsterManager\Arena</Filter>
    </ClCompile>
    <ClCompile Include="MonsterManager\Arena\Hole.cpp">
      <Filter>MonsterManager\Arena</Filter>
    </ClCompile>
    <ClCompile Include="MonsterManager\Arena\TFlying.cpp">
      <Filter>MonsterManager\Arena</Filter>
    </ClCompile>
    <ClCompile Include="MonsterManager\Arena\Trace.cpp">
      <Filter>MonsterManager\Arena</Filter>
    </ClCompile>
    <ClCompile Include="MonsterManager\Arena\TSpider.cpp">
      <Filter>MonsterManager\Arena</Filter>
    </ClCompile>
    <ClCompile Include="MonsterManager\Monster\Mole.cpp">
      <Filter>MonsterManager\Monster</Filter>
    </ClCompile>
    <ClCompile Include="MonsterManager\Monster\Monster.cpp">
      <Filter>MonsterManager\Monster</Filter>
    </ClCompile>
    <ClCompile Include="MonsterManager\Monster\MTracer.cpp">
      <Filter>MonsterManager\Monster</Filter>
    </ClCompile>
    <ClCompile Include="MonsterManager\Pool\Arena\ArenaPool.cpp">
      <Filter>MonsterManager\Pool\Arena</Filter>
    </ClCompile>
    <ClCompile Include="MonsterManager\Pool\Arena\HolePool.cpp">
      <Filter>MonsterManager\Pool\Arena</Filter>
    </ClCompile>
    <ClCompile Include="MonsterManager\Pool\Arena\TFlyingPool.cpp">
      <Filter>MonsterManager\Pool\Arena</Filter>
    </ClCompile>
    <ClCompile Include="MonsterManager\Pool\Arena\TSpiderPool.cpp">
      <Filter>MonsterManager\Pool\Arena</Filter>
    </ClCompile>
    <ClCompile Include="MonsterManager\Pool\Monster\MolePool.cpp">
      <Filter>MonsterManager\Pool\Monster</Filter>
    </ClCompile>
    <ClCompile Include="MonsterManager\Pool\Monster\MonsterPool.cpp">
      <Filter>MonsterManager\Pool\Monster</Filter>
    </ClCompile>
    <ClCompile Include="MonsterManager\Pool\Monster\MTracerPool.cpp">
      <Filter>MonsterManager\Pool\Monster</Filter>
    </ClCompile>
    <ClCompile Include="MonsterManager\MonsterManager.cpp">
      <Filter>MonsterManager</Filter>
    </ClCompile>
    <ClCompile Include="GameData\DataManager.cpp">
      <Filter>GameData</Filter>
    </ClCompile>
    <ClCompile Include="Tools\Random\MT19937.cpp">
      <Filter>Tools\Random</Filter>
    </ClCompile>
    <ClCompile Include="Tools\Random\Random.cpp">
      <Filter>Tools\Random</Filter>
    </ClCompile>
    <ClCompile Include="Protocal\GameMessage.pb.cc">
      <Filter>Protocal</Filter>
    </ClCompile>
    <ClCompile Include="TaskManager\PlayerHit\TaskPlayerHit.cpp">
      <Filter>TaskManager\PlayerHit</Filter>
    </ClCompile>
  </ItemGroup>
  <ItemGroup>
    <None Include="Protocal\GameMessage.proto">
      <Filter>Protocal</Filter>
    </None>
  </ItemGroup>
</Project>